
Microsoft Visual Studio Solution File, Format Version 12.00
# Visual Studio Version 17
VisualStudioVersion = 17.7.34221.43
MinimumVisualStudioVersion = 10.0.40219.1
Project("{FAE04EC0-301F-11D3-BF4B-00C04F79EFBC}") = "CannyEdgeDetection", "CannyEdgeDetection\CannyEdgeDetection.csproj", "{F2C19C34-F07C-442F-8421-CC7790FD4C64}"
EndProject
Global
	GlobalSection(SolutionConfigurationPlatforms) = preSolution
		Debug|Any CPU = Debug|Any CPU
		Release|Any CPU = Release|Any CPU
	EndGlobalSection
	GlobalSection(ProjectConfigurationPlatforms) = postSolution
		{F2C19C34-F07C-442F-8421-CC7790FD4C64}.Debug|Any CPU.ActiveCfg = Debug|Any CPU
		{F2C19C34-F07C-442F-8421-CC7790FD4C64}.Debug|Any CPU.Build.0 = Debug|Any CPU
		{F2C19C34-F07C-442F-8421-CC7790FD4C64}.Release|Any CPU.ActiveCfg = Release|Any CPU
		{F2C19C34-F07C-442F-8421-CC7790FD4C64}.Release|Any CPU.Build.0 = Release|Any CPU
	EndGlobalSection
	GlobalSection(SolutionProperties) = preSolution
		HideSolutionNode = FALSE
	EndGlobalSection
	GlobalSection(ExtensibilityGlobals) = postSolution
		SolutionGuid = {FFFF5969-F689-4A84-83D8-9B9324AF673A}
	EndGlobalSection
EndGlobal
